
Microsoft Visual Studio Solution File, Format Version 12.00
# Visual Studio Version 17
VisualStudioVersion = 17.8.34322.80
MinimumVisualStudioVersion = 10.0.40219.1
Project("{FAE04EC0-301F-11D3-BF4B-00C04F79EFBC}") = "Employee", "Employee.csproj", "{612666B4-CFAC-4D88-9D43-2320673F07DF}"
EndProject
Global
	GlobalSection(SolutionConfigurationPlatforms) = preSolution
		Debug|Any CPU = Debug|Any CPU
		Release|Any CPU = Release|Any CPU
	EndGlobalSection
	GlobalSection(ProjectConfigurationPlatforms) = postSolution
		{612666B4-CFAC-4D88-9D43-2320673F07DF}.Debug|Any CPU.ActiveCfg = Debug|Any CPU
		{612666B4-CFAC-4D88-9D43-2320673F07DF}.Debug|Any CPU.Build.0 = Debug|Any CPU
		{612666B4-CFAC-4D88-9D43-2320673F07DF}.Release|Any CPU.ActiveCfg = Release|Any CPU
		{612666B4-CFAC-4D88-9D43-2320673F07DF}.Release|Any CPU.Build.0 = Release|Any CPU
	EndGlobalSection
	GlobalSection(SolutionProperties) = preSolution
		HideSolutionNode = FALSE
	EndGlobalSection
	GlobalSection(ExtensibilityGlobals) = postSolution
		SolutionGuid = {3B4AFF4F-7C82-4FC0-ACA5-8F1CE0C6D273}
	EndGlobalSection
EndGlobal
